
Microsoft Visual Studio Solution File, Format Version 12.00
# Visual Studio Version 17
VisualStudioVersion = 17.6.33723.286
MinimumVisualStudioVersion = 10.0.40219.1
Project("{FAE04EC0-301F-11D3-BF4B-00C04F79EFBC}") = "Foro", "Foro\Foro.csproj", "{FC128DE5-942B-49A2-BFB5-6632FF20DDFE}"
EndProject
Global
	GlobalSection(SolutionConfigurationPlatforms) = preSolution
		Debug|Any CPU = Debug|Any CPU
		Release|Any CPU = Release|Any CPU
	EndGlobalSection
	GlobalSection(ProjectConfigurationPlatforms) = postSolution
		{FC128DE5-942B-49A2-BFB5-6632FF20DDFE}.Debug|Any CPU.ActiveCfg = Debug|Any CPU
		{FC128DE5-942B-49A2-BFB5-6632FF20DDFE}.Debug|Any CPU.Build.0 = Debug|Any CPU
		{FC128DE5-942B-49A2-BFB5-6632FF20DDFE}.Release|Any CPU.ActiveCfg = Release|Any CPU
		{FC128DE5-942B-49A2-BFB5-6632FF20DDFE}.Release|Any CPU.Build.0 = Release|Any CPU
	EndGlobalSection
	GlobalSection(SolutionProperties) = preSolution
		HideSolutionNode = FALSE
	EndGlobalSection
	GlobalSection(ExtensibilityGlobals) = postSolution
		SolutionGuid = {E8EC4BFF-E295-4C0F-B97A-9F8985B47E6D}
	EndGlobalSection
EndGlobal
